// !$*UTF8*$!
{
	archiveVersion = 1;
	classes = {
	};
	objectVersion = 55;
	objects = {

/* Begin PBXBuildFile section */
		5D886B9C28D61F94009E531A /* AspiringApp.swift in Sources */ = {isa = PBXBuildFile; fileRef = 5D886B9B28D61F94009E531A /* AspiringApp.swift */; };
		5D886B9E28D61F94009E531A /* ContentView.swift in Sources */ = {isa = PBXBuildFile; fileRef = 5D886B9D28D61F94009E531A /* ContentView.swift */; };
		5D886BA028D61F96009E531A /* Assets.xcassets in Resources */ = {isa = PBXBuildFile; fileRef = 5D886B9F28D61F96009E531A /* Assets.xcassets */; };
		5D886BA328D61F96009E531A /* Preview Assets.xcassets in Resources */ = {isa = PBXBuildFile; fileRef = 5D886BA228D61F96009E531A /* Preview Assets.xcassets */; };
		5D886BAA28D62FE8009E531A /* Model.swift in Sources */ = {isa = PBXBuildFile; fileRef = 5D886BA928D62FE8009E531A /* Model.swift */; };
		5D886BAF28D631A1009E531A /* Tab.swift in Sources */ = {isa = PBXBuildFile; fileRef = 5D886BAE28D631A1009E531A /* Tab.swift */; };
		5D886BB328D6375D009E531A /* Home.swift in Sources */ = {isa = PBXBuildFile; fileRef = 5D886BB228D6375D009E531A /* Home.swift */; };
		5D886BB528D63AA0009E531A /* NavigationBar.swift in Sources */ = {isa = PBXBuildFile; fileRef = 5D886BB428D63AA0009E531A /* NavigationBar.swift */; };
		5D886BB828D63B66009E531A /* Mock.swift in Sources */ = {isa = PBXBuildFile; fileRef = 5D886BB728D63B66009E531A /* Mock.swift */; };
		5D886BBA28D63DB9009E531A /* Advertisement.swift in Sources */ = {isa = PBXBuildFile; fileRef = 5D886BB928D63DB9009E531A /* Advertisement.swift */; };
		5D886BBC28D63F33009E531A /* Animation.swift in Sources */ = {isa = PBXBuildFile; fileRef = 5D886BBB28D63F33009E531A /* Animation.swift */; };
		5D886BBE28D64105009E531A /* TabBar.swift in Sources */ = {isa = PBXBuildFile; fileRef = 5D886BBD28D64105009E531A /* TabBar.swift */; };
		5D886BC028D64209009E531A /* StrokeStyle.swift in Sources */ = {isa = PBXBuildFile; fileRef = 5D886BBF28D64209009E531A /* StrokeStyle.swift */; };
		F124102328D645F300528D43 /* ModalView.swift in Sources */ = {isa = PBXBuildFile; fileRef = F124102228D645F300528D43 /* ModalView.swift */; };
		F124102528D646E200528D43 /* Auth.swift in Sources */ = {isa = PBXBuildFile; fileRef = F124102428D646E200528D43 /* Auth.swift */; };
		F124102728D649C900528D43 /* AuthenticationView.swift in Sources */ = {isa = PBXBuildFile; fileRef = F124102628D649C900528D43 /* AuthenticationView.swift */; };
		F124102928D64B2300528D43 /* PreferenceKeys.swift in Sources */ = {isa = PBXBuildFile; fileRef = F124102828D64B2300528D43 /* PreferenceKeys.swift */; };
		F124102C28D64C5800528D43 /* InputStyle.swift in Sources */ = {isa = PBXBuildFile; fileRef = F124102B28D64C5800528D43 /* InputStyle.swift */; };
		F124102E28D64C9800528D43 /* AngularButtonStyle.swift in Sources */ = {isa = PBXBuildFile; fileRef = F124102D28D64C9800528D43 /* AngularButtonStyle.swift */; };
/* End PBXBuildFile section */

/* Begin PBXFileReference section */
		5D886B9828D61F94009E531A /* Aspiring.app */ = {isa = PBXFileReference; explicitFileType = wrapper.application; includeInIndex = 0; path = Aspiring.app; sourceTree = BUILT_PRODUCTS_DIR; };
		5D886B9B28D61F94009E531A /* AspiringApp.swift */ = {isa = PBXFileReference; lastKnownFileType = sourcecode.swift; path = AspiringApp.swift; sourceTree = "<group>"; };
		5D886B9D28D61F94009E531A /* ContentView.swift */ = {isa = PBXFileReference; lastKnownFileType = sourcecode.swift; path = ContentView.swift; sourceTree = "<group>"; };
		5D886B9F28D61F96009E531A /* Assets.xcassets */ = {isa = PBXFileReference; lastKnownFileType = folder.assetcatalog; path = Assets.xcassets; sourceTree = "<group>"; };
		5D886BA228D61F96009E531A /* Preview Assets.xcassets */ = {isa = PBXFileReference; lastKnownFileType = folder.assetcatalog; path = "Preview Assets.xcassets"; sourceTree = "<group>"; };
		5D886BA928D62FE8009E531A /* Model.swift */ = {isa = PBXFileReference; lastKnownFileType = sourcecode.swift; path = Model.swift; sourceTree = "<group>"; };
		5D886BAE28D631A1009E531A /* Tab.swift */ = {isa = PBXFileReference; lastKnownFileType = sourcecode.swift; path = Tab.swift; sourceTree = "<group>"; };
		5D886BB228D6375D009E531A /* Home.swift */ = {isa = PBXFileReference; lastKnownFileType = sourcecode.swift; path = Home.swift; sourceTree = "<group>"; };
		5D886BB428D63AA0009E531A /* NavigationBar.swift */ = {isa = PBXFileReference; lastKnownFileType = sourcecode.swift; path = NavigationBar.swift; sourceTree = "<group>"; };
		5D886BB728D63B66009E531A /* Mock.swift */ = {isa = PBXFileReference; lastKnownFileType = sourcecode.swift; path = Mock.swift; sourceTree = "<group>"; };
		5D886BB928D63DB9009E531A /* Advertisement.swift */ = {isa = PBXFileReference; lastKnownFileType = sourcecode.swift; path = Advertisement.swift; sourceTree = "<group>"; };
		5D886BBB28D63F33009E531A /* Animation.swift */ = {isa = PBXFileReference; lastKnownFileType = sourcecode.swift; path = Animation.swift; sourceTree = "<group>"; };
		5D886BBD28D64105009E531A /* TabBar.swift */ = {isa = PBXFileReference; lastKnownFileType = sourcecode.swift; path = TabBar.swift; sourceTree = "<group>"; };
		5D886BBF28D64209009E531A /* StrokeStyle.swift */ = {isa = PBXFileReference; lastKnownFileType = sourcecode.swift; path = StrokeStyle.swift; sourceTree = "<group>"; };
		F124102228D645F300528D43 /* ModalView.swift */ = {isa = PBXFileReference; lastKnownFileType = sourcecode.swift; path = ModalView.swift; sourceTree = "<group>"; };
		F124102428D646E200528D43 /* Auth.swift */ = {isa = PBXFileReference; lastKnownFileType = sourcecode.swift; path = Auth.swift; sourceTree = "<group>"; };
		F124102628D649C900528D43 /* AuthenticationView.swift */ = {isa = PBXFileReference; lastKnownFileType = sourcecode.swift; path = AuthenticationView.swift; sourceTree = "<group>"; };
		F124102828D64B2300528D43 /* PreferenceKeys.swift */ = {isa = PBXFileReference; lastKnownFileType = sourcecode.swift; path = PreferenceKeys.swift; sourceTree = "<group>"; };
		F124102B28D64C5800528D43 /* InputStyle.swift */ = {isa = PBXFileReference; lastKnownFileType = sourcecode.swift; path = InputStyle.swift; sourceTree = "<group>"; };
		F124102D28D64C9800528D43 /* AngularButtonStyle.swift */ = {isa = PBXFileReference; lastKnownFileType = sourcecode.swift; path = AngularButtonStyle.swift; sourceTree = "<group>"; };
/* End PBXFileReference section */

/* Begin PBXFrameworksBuildPhase section */
		5D886B9528D61F94009E531A /* Frameworks */ = {
			isa = PBXFrameworksBuildPhase;
			buildActionMask = 2147483647;
			files = (
			);
			runOnlyForDeploymentPostprocessing = 0;
		};
/* End PBXFrameworksBuildPhase section */

/* Begin PBXGroup section */
		5D886B8F28D61F94009E531A = {
			isa = PBXGroup;
			children = (
				5D886B9A28D61F94009E531A /* Aspiring */,
				5D886B9928D61F94009E531A /* Products */,
			);
			sourceTree = "<group>";
		};
		5D886B9928D61F94009E531A /* Products */ = {
			isa = PBXGroup;
			children = (
				5D886B9828D61F94009E531A /* Aspiring.app */,
			);
			name = Products;
			sourceTree = "<group>";
		};
		5D886B9A28D61F94009E531A /* Aspiring */ = {
			isa = PBXGroup;
			children = (
				F124102A28D64C4600528D43 /* Styles */,
				5D886BAC28D63097009E531A /* App */,
				5D886BAB28D63007009E531A /* Model */,
				5D886BB028D63447009E531A /* Modules */,
				5D886BAD28D63195009E531A /* Views */,
				5D886B9F28D61F96009E531A /* Assets.xcassets */,
				5D886BA128D61F96009E531A /* Preview Content */,
			);
			path = Aspiring;
			sourceTree = "<group>";
		};
		5D886BA128D61F96009E531A /* Preview Content */ = {
			isa = PBXGroup;
			children = (
				5D886BA228D61F96009E531A /* Preview Assets.xcassets */,
			);
			path = "Preview Content";
			sourceTree = "<group>";
		};
		5D886BAB28D63007009E531A /* Model */ = {
			isa = PBXGroup;
			children = (
				5D886BB628D63B5D009E531A /* Mock */,
				5D886BA928D62FE8009E531A /* Model.swift */,
				5D886BAE28D631A1009E531A /* Tab.swift */,
				5D886BB928D63DB9009E531A /* Advertisement.swift */,
				F124102428D646E200528D43 /* Auth.swift */,
				F124102828D64B2300528D43 /* PreferenceKeys.swift */,
			);
			path = Model;
			sourceTree = "<group>";
		};
		5D886BAC28D63097009E531A /* App */ = {
			isa = PBXGroup;
			children = (
				5D886B9B28D61F94009E531A /* AspiringApp.swift */,
				5D886B9D28D61F94009E531A /* ContentView.swift */,
			);
			path = App;
			sourceTree = "<group>";
		};
		5D886BAD28D63195009E531A /* Views */ = {
			isa = PBXGroup;
			children = (
				5D886BB428D63AA0009E531A /* NavigationBar.swift */,
				5D886BBB28D63F33009E531A /* Animation.swift */,
				5D886BBD28D64105009E531A /* TabBar.swift */,
				5D886BBF28D64209009E531A /* StrokeStyle.swift */,
			);
			path = Views;
			sourceTree = "<group>";
		};
		5D886BB028D63447009E531A /* Modules */ = {
			isa = PBXGroup;
			children = (
				F124102128D645D800528D43 /* Auth */,
				5D886BB128D6373A009E531A /* Home */,
			);
			path = Modules;
			sourceTree = "<group>";
		};
		5D886BB128D6373A009E531A /* Home */ = {
			isa = PBXGroup;
			children = (
				5D886BB228D6375D009E531A /* Home.swift */,
			);
			path = Home;
			sourceTree = "<group>";
		};
		5D886BB628D63B5D009E531A /* Mock */ = {
			isa = PBXGroup;
			children = (
				5D886BB728D63B66009E531A /* Mock.swift */,
			);
			path = Mock;
			sourceTree = "<group>";
		};
		F124102128D645D800528D43 /* Auth */ = {
			isa = PBXGroup;
			children = (
				F124102228D645F300528D43 /* ModalView.swift */,
				F124102628D649C900528D43 /* AuthenticationView.swift */,
			);
			path = Auth;
			sourceTree = "<group>";
		};
		F124102A28D64C4600528D43 /* Styles */ = {
			isa = PBXGroup;
			children = (
				F124102B28D64C5800528D43 /* InputStyle.swift */,
				F124102D28D64C9800528D43 /* AngularButtonStyle.swift */,
			);
			path = Styles;
			sourceTree = "<group>";
		};
/* End PBXGroup section */

/* Begin PBXNativeTarget section */
		5D886B9728D61F94009E531A /* Aspiring */ = {
			isa = PBXNativeTarget;
			buildConfigurationList = 5D886BA628D61F96009E531A /* Build configuration list for PBXNativeTarget "Aspiring" */;
			buildPhases = (
				5D886B9428D61F94009E531A /* Sources */,
				5D886B9528D61F94009E531A /* Frameworks */,
				5D886B9628D61F94009E531A /* Resources */,
			);
			buildRules = (
			);
			dependencies = (
			);
			name = Aspiring;
			productName = Aspiring;
			productReference = 5D886B9828D61F94009E531A /* Aspiring.app */;
			productType = "com.apple.product-type.application";
		};
/* End PBXNativeTarget section */

/* Begin PBXProject section */
		5D886B9028D61F94009E531A /* Project object */ = {
			isa = PBXProject;
			attributes = {
				BuildIndependentTargetsInParallel = 1;
				LastSwiftUpdateCheck = 1340;
				LastUpgradeCheck = 1340;
				TargetAttributes = {
					5D886B9728D61F94009E531A = {
						CreatedOnToolsVersion = 13.4.1;
					};
				};
			};
			buildConfigurationList = 5D886B9328D61F94009E531A /* Build configuration list for PBXProject "Aspiring" */;
			compatibilityVersion = "Xcode 13.0";
			developmentRegion = en;
			hasScannedForEncodings = 0;
			knownRegions = (
				en,
				Base,
			);
			mainGroup = 5D886B8F28D61F94009E531A;
			productRefGroup = 5D886B9928D61F94009E531A /* Products */;
			projectDirPath = "";
			projectRoot = "";
			targets = (
				5D886B9728D61F94009E531A /* Aspiring */,
			);
		};
/* End PBXProject section */

/* Begin PBXResourcesBuildPhase section */
		5D886B9628D61F94009E531A /* Resources */ = {
			isa = PBXResourcesBuildPhase;
			buildActionMask = 2147483647;
			files = (
				5D886BA328D61F96009E531A /* Preview Assets.xcassets in Resources */,
				5D886BA028D61F96009E531A /* Assets.xcassets in Resources */,
			);
			runOnlyForDeploymentPostprocessing = 0;
		};
/* End PBXResourcesBuildPhase section */

/* Begin PBXSourcesBuildPhase section */
		5D886B9428D61F94009E531A /* Sources */ = {
			isa = PBXSourcesBuildPhase;
			buildActionMask = 2147483647;
			files = (
				F124102528D646E200528D43 /* Auth.swift in Sources */,
				5D886BAA28D62FE8009E531A /* Model.swift in Sources */,
				5D886BBA28D63DB9009E531A /* Advertisement.swift in Sources */,
				5D886B9E28D61F94009E531A /* ContentView.swift in Sources */,
				5D886BB328D6375D009E531A /* Home.swift in Sources */,
				5D886BC028D64209009E531A /* StrokeStyle.swift in Sources */,
				5D886BB828D63B66009E531A /* Mock.swift in Sources */,
				F124102928D64B2300528D43 /* PreferenceKeys.swift in Sources */,
				F124102E28D64C9800528D43 /* AngularButtonStyle.swift in Sources */,
				5D886B9C28D61F94009E531A /* AspiringApp.swift in Sources */,
				F124102728D649C900528D43 /* AuthenticationView.swift in Sources */,
				5D886BAF28D631A1009E531A /* Tab.swift in Sources */,
				5D886BBC28D63F33009E531A /* Animation.swift in Sources */,
				F124102C28D64C5800528D43 /* InputStyle.swift in Sources */,
				5D886BB528D63AA0009E531A /* NavigationBar.swift in Sources */,
				5D886BBE28D64105009E531A /* TabBar.swift in Sources */,
				F124102328D645F300528D43 /* ModalView.swift in Sources */,
			);
			runOnlyForDeploymentPostprocessing = 0;
		};
/* End PBXSourcesBuildPhase section */

/* Begin XCBuildConfiguration section */
		5D886BA428D61F96009E531A /* Debug */ = {
			isa = XCBuildConfiguration;
			buildSettings = {
				ALWAYS_SEARCH_USER_PATHS = NO;
				CLANG_ANALYZER_NONNULL = YES;
				CLANG_ANALYZER_NUMBER_OBJECT_CONVERSION = YES_AGGRESSIVE;
				CLANG_CXX_LANGUAGE_STANDARD = "gnu++17";
				CLANG_ENABLE_MODULES = YES;
				CLANG_ENABLE_OBJC_ARC = YES;
				CLANG_ENABLE_OBJC_WEAK = YES;
				CLANG_WARN_BLOCK_CAPTURE_AUTORELEASING = YES;
				CLANG_WARN_BOOL_CONVERSION = YES;
				CLANG_WARN_COMMA = YES;
				CLANG_WARN_CONSTANT_CONVERSION = YES;
				CLANG_WARN_DEPRECATED_OBJC_IMPLEMENTATIONS = YES;
				CLANG_WARN_DIRECT_OBJC_ISA_USAGE = YES_ERROR;
				CLANG_WARN_DOCUMENTATION_COMMENTS = YES;
				CLANG_WARN_EMPTY_BODY = YES;
				CLANG_WARN_ENUM_CONVERSION = YES;
				CLANG_WARN_INFINITE_RECURSION = YES;
				CLANG_WARN_INT_CONVERSION = YES;
				CLANG_WARN_NON_LITERAL_NULL_CONVERSION = YES;
				CLANG_WARN_OBJC_IMPLICIT_RETAIN_SELF = YES;
				CLANG_WARN_OBJC_LITERAL_CONVERSION = YES;
				CLANG_WARN_OBJC_ROOT_CLASS = YES_ERROR;
				CLANG_WARN_QUOTED_INCLUDE_IN_FRAMEWORK_HEADER = YES;
				CLANG_WARN_RANGE_LOOP_ANALYSIS = YES;
				CLANG_WARN_STRICT_PROTOTYPES = YES;
				CLANG_WARN_SUSPICIOUS_MOVE = YES;
				CLANG_WARN_UNGUARDED_AVAILABILITY = YES_AGGRESSIVE;
				CLANG_WARN_UNREACHABLE_CODE = YES;
				CLANG_WARN__DUPLICATE_METHOD_MATCH = YES;
				COPY_PHASE_STRIP = NO;
				DEBUG_INFORMATION_FORMAT = dwarf;
				ENABLE_STRICT_OBJC_MSGSEND = YES;
				ENABLE_TESTABILITY = YES;
				GCC_C_LANGUAGE_STANDARD = gnu11;
				GCC_DYNAMIC_NO_PIC = NO;
				GCC_NO_COMMON_BLOCKS = YES;
				GCC_OPTIMIZATION_LEVEL = 0;
				GCC_PREPROCESSOR_DEFINITIONS = (
					"DEBUG=1",
					"$(inherited)",
				);
				GCC_WARN_64_TO_32_BIT_CONVERSION = YES;
				GCC_WARN_ABOUT_RETURN_TYPE = YES_ERROR;
				GCC_WARN_UNDECLARED_SELECTOR = YES;
				GCC_WARN_UNINITIALIZED_AUTOS = YES_AGGRESSIVE;
				GCC_WARN_UNUSED_FUNCTION = YES;
				GCC_WARN_UNUSED_VARIABLE = YES;
				IPHONEOS_DEPLOYMENT_TARGET = 15.5;
				MTL_ENABLE_DEBUG_INFO = INCLUDE_SOURCE;
				MTL_FAST_MATH = YES;
				ONLY_ACTIVE_ARCH = YES;
				SDKROOT = iphoneos;
				SWIFT_ACTIVE_COMPILATION_CONDITIONS = DEBUG;
				SWIFT_OPTIMIZATION_LEVEL = "-Onone";
			};
			name = Debug;
		};
		5D886BA528D61F96009E531A /* Release */ = {
			isa = XCBuildConfiguration;
			buildSettings = {
				ALWAYS_SEARCH_USER_PATHS = NO;
				CLANG_ANALYZER_NONNULL = YES;
				CLANG_ANALYZER_NUMBER_OBJECT_CONVERSION = YES_AGGRESSIVE;
				CLANG_CXX_LANGUAGE_STANDARD = "gnu++17";
				CLANG_ENABLE_MODULES = YES;
				CLANG_ENABLE_OBJC_ARC = YES;
				CLANG_ENABLE_OBJC_WEAK = YES;
				CLANG_WARN_BLOCK_CAPTURE_AUTORELEASING = YES;
				CLANG_WARN_BOOL_CONVERSION = YES;
				CLANG_WARN_COMMA = YES;
				CLANG_WARN_CONSTANT_CONVERSION = YES;
				CLANG_WARN_DEPRECATED_OBJC_IMPLEMENTATIONS = YES;
				CLANG_WARN_DIRECT_OBJC_ISA_USAGE = YES_ERROR;
				CLANG_WARN_DOCUMENTATION_COMMENTS = YES;
				CLANG_WARN_EMPTY_BODY = YES;
				CLANG_WARN_ENUM_CONVERSION = YES;
				CLANG_WARN_INFINITE_RECURSION = YES;
				CLANG_WARN_INT_CONVERSION = YES;
				CLANG_WARN_NON_LITERAL_NULL_CONVERSION = YES;
				CLANG_WARN_OBJC_IMPLICIT_RETAIN_SELF = YES;
				CLANG_WARN_OBJC_LITERAL_CONVERSION = YES;
				CLANG_WARN_OBJC_ROOT_CLASS = YES_ERROR;
				CLANG_WARN_QUOTED_INCLUDE_IN_FRAMEWORK_HEADER = YES;
				CLANG_WARN_RANGE_LOOP_ANALYSIS = YES;
				CLANG_WARN_STRICT_PROTOTYPES = YES;
				CLANG_WARN_SUSPICIOUS_MOVE = YES;
				CLANG_WARN_UNGUARDED_AVAILABILITY = YES_AGGRESSIVE;
				CLANG_WARN_UNREACHABLE_CODE = YES;
				CLANG_WARN__DUPLICATE_METHOD_MATCH = YES;
				COPY_PHASE_STRIP = NO;
				DEBUG_INFORMATION_FORMAT = "dwarf-with-dsym";
				ENABLE_NS_ASSERTIONS = NO;
				ENABLE_STRICT_OBJC_MSGSEND = YES;
				GCC_C_LANGUAGE_STANDARD = gnu11;
				GCC_NO_COMMON_BLOCKS = YES;
				GCC_WARN_64_TO_32_BIT_CONVERSION = YES;
				GCC_WARN_ABOUT_RETURN_TYPE = YES_ERROR;
				GCC_WARN_UNDECLARED_SELECTOR = YES;
				GCC_WARN_UNINITIALIZED_AUTOS = YES_AGGRESSIVE;
				GCC_WARN_UNUSED_FUNCTION = YES;
				GCC_WARN_UNUSED_VARIABLE = YES;
				IPHONEOS_DEPLOYMENT_TARGET = 15.5;
				MTL_ENABLE_DEBUG_INFO = NO;
				MTL_FAST_MATH = YES;
				SDKROOT = iphoneos;
				SWIFT_COMPILATION_MODE = wholemodule;
				SWIFT_OPTIMIZATION_LEVEL = "-O";
				VALIDATE_PRODUCT = YES;
			};
			name = Release;
		};
		5D886BA728D61F96009E531A /* Debug */ = {
			isa = XCBuildConfiguration;
			buildSettings = {
				ASSETCATALOG_COMPILER_APPICON_NAME = AppIcon;
				ASSETCATALOG_COMPILER_GLOBAL_ACCENT_COLOR_NAME = AccentColor;
				CODE_SIGN_STYLE = Automatic;
				CURRENT_PROJECT_VERSION = 1;
				DEVELOPMENT_ASSET_PATHS = "\"Aspiring/Preview Content\"";
				DEVELOPMENT_TEAM = 24QAL5MM4X;
				ENABLE_PREVIEWS = YES;
				GENERATE_INFOPLIST_FILE = YES;
				INFOPLIST_KEY_UIApplicationSceneManifest_Generation = YES;
				INFOPLIST_KEY_UIApplicationSupportsIndirectInputEvents = YES;
				INFOPLIST_KEY_UILaunchScreen_Generation = YES;
				INFOPLIST_KEY_UISupportedInterfaceOrientations_iPad = "UIInterfaceOrientationPortrait UIInterfaceOrientationPortraitUpsideDown UIInterfaceOrientationLandscapeLeft UIInterfaceOrientationLandscapeRight";
				INFOPLIST_KEY_UISupportedInterfaceOrientations_iPhone = "UIInterfaceOrientationPortrait UIInterfaceOrientationLandscapeLeft UIInterfaceOrientationLandscapeRight";
				LD_RUNPATH_SEARCH_PATHS = (
					"$(inherited)",
					"@executable_path/Frameworks",
				);
				MARKETING_VERSION = 1.0;
				PRODUCT_BUNDLE_IDENTIFIER = com.anastasiiaholovash.Aspiring;
				PRODUCT_NAME = "$(TARGET_NAME)";
				SWIFT_EMIT_LOC_STRINGS = YES;
				SWIFT_VERSION = 5.0;
				TARGETED_DEVICE_FAMILY = "1,2";
			};
			name = Debug;
		};
		5D886BA828D61F96009E531A /* Release */ = {
			isa = XCBuildConfiguration;
			buildSettings = {
				ASSETCATALOG_COMPILER_APPICON_NAME = AppIcon;
				ASSETCATALOG_COMPILER_GLOBAL_ACCENT_COLOR_NAME = AccentColor;
				CODE_SIGN_STYLE = Automatic;
				CURRENT_PROJECT_VERSION = 1;
				DEVELOPMENT_ASSET_PATHS = "\"Aspiring/Preview Content\"";
				DEVELOPMENT_TEAM = 24QAL5MM4X;
				ENABLE_PREVIEWS = YES;
				GENERATE_INFOPLIST_FILE = YES;
				INFOPLIST_KEY_UIApplicationSceneManifest_Generation = YES;
				INFOPLIST_KEY_UIApplicationSupportsIndirectInputEvents = YES;
				INFOPLIST_KEY_UILaunchScreen_Generation = YES;
				INFOPLIST_KEY_UISupportedInterfaceOrientations_iPad = "UIInterfaceOrientationPortrait UIInterfaceOrientationPortraitUpsideDown UIInterfaceOrientationLandscapeLeft UIInterfaceOrientationLandscapeRight";
				INFOPLIST_KEY_UISupportedInterfaceOrientations_iPhone = "UIInterfaceOrientationPortrait UIInterfaceOrientationLandscapeLeft UIInterfaceOrientationLandscapeRight";
				LD_RUNPATH_SEARCH_PATHS = (
					"$(inherited)",
					"@executable_path/Frameworks",
				);
				MARKETING_VERSION = 1.0;
				PRODUCT_BUNDLE_IDENTIFIER = com.anastasiiaholovash.Aspiring;
				PRODUCT_NAME = "$(TARGET_NAME)";
				SWIFT_EMIT_LOC_STRINGS = YES;
				SWIFT_VERSION = 5.0;
				TARGETED_DEVICE_FAMILY = "1,2";
			};
			name = Release;
		};
/* End XCBuildConfiguration section */

/* Begin XCConfigurationList section */
		5D886B9328D61F94009E531A /* Build configuration list for PBXProject "Aspiring" */ = {
			isa = XCConfigurationList;
			buildConfigurations = (
				5D886BA428D61F96009E531A /* Debug */,
				5D886BA528D61F96009E531A /* Release */,
			);
			defaultConfigurationIsVisible = 0;
			defaultConfigurationName = Release;
		};
		5D886BA628D61F96009E531A /* Build configuration list for PBXNativeTarget "Aspiring" */ = {
			isa = XCConfigurationList;
			buildConfigurations = (
				5D886BA728D61F96009E531A /* Debug */,
				5D886BA828D61F96009E531A /* Release */,
			);
			defaultConfigurationIsVisible = 0;
			defaultConfigurationName = Release;
		};
/* End XCConfigurationList section */
	};
	rootObject = 5D886B9028D61F94009E531A /* Project object */;
}
